
Microsoft Visual Studio Solution File, Format Version 12.00
# Visual Studio Version 16
VisualStudioVersion = 16.0.30907.101
MinimumVisualStudioVersion = 10.0.40219.1
Project("{FAE04EC0-301F-11D3-BF4B-00C04F79EFBC}") = "EroiVsMostri", "EroiVsMostri\EroiVsMostri.csproj", "{70EE27A7-7F03-4652-822C-D1F527180D87}"
EndProject
Project("{FAE04EC0-301F-11D3-BF4B-00C04F79EFBC}") = "EroiVsMostri.Core", "EroiVsMostri.Core\EroiVsMostri.Core.csproj", "{36957C1B-D5D9-4AE2-BE87-64A9E42C16F1}"
EndProject
Project("{FAE04EC0-301F-11D3-BF4B-00C04F79EFBC}") = "EroiVsMostri.Services", "EroiVsMostri.Services\EroiVsMostri.Services.csproj", "{91E2BC46-568D-4D5C-9BDE-7243F5B5A10F}"
EndProject
Project("{FAE04EC0-301F-11D3-BF4B-00C04F79EFBC}") = "EroiVsMostri.MockRepository", "EroiVsMostri.MockRepository\EroiVsMostri.MockRepository.csproj", "{7F8DB9D1-4D8B-407B-B358-729DE72EB3DE}"
EndProject
Project("{FAE04EC0-301F-11D3-BF4B-00C04F79EFBC}") = "EroiVsMostri.ADORepository", "EroiVsMostri.ADORepository\EroiVsMostri.ADORepository.csproj", "{11DF9496-0057-41F3-AC2D-A3DBC3862015}"
EndProject
Global
	GlobalSection(SolutionConfigurationPlatforms) = preSolution
		Debug|Any CPU = Debug|Any CPU
		Release|Any CPU = Release|Any CPU
	EndGlobalSection
	GlobalSection(ProjectConfigurationPlatforms) = postSolution
		{70EE27A7-7F03-4652-822C-D1F527180D87}.Debug|Any CPU.ActiveCfg = Debug|Any CPU
		{70EE27A7-7F03-4652-822C-D1F527180D87}.Debug|Any CPU.Build.0 = Debug|Any CPU
		{70EE27A7-7F03-4652-822C-D1F527180D87}.Release|Any CPU.ActiveCfg = Release|Any CPU
		{70EE27A7-7F03-4652-822C-D1F527180D87}.Release|Any CPU.Build.0 = Release|Any CPU
		{36957C1B-D5D9-4AE2-BE87-64A9E42C16F1}.Debug|Any CPU.ActiveCfg = Debug|Any CPU
		{36957C1B-D5D9-4AE2-BE87-64A9E42C16F1}.Debug|Any CPU.Build.0 = Debug|Any CPU
		{36957C1B-D5D9-4AE2-BE87-64A9E42C16F1}.Release|Any CPU.ActiveCfg = Release|Any CPU
		{36957C1B-D5D9-4AE2-BE87-64A9E42C16F1}.Release|Any CPU.Build.0 = Release|Any CPU
		{91E2BC46-568D-4D5C-9BDE-7243F5B5A10F}.Debug|Any CPU.ActiveCfg = Debug|Any CPU
		{91E2BC46-568D-4D5C-9BDE-7243F5B5A10F}.Debug|Any CPU.Build.0 = Debug|Any CPU
		{91E2BC46-568D-4D5C-9BDE-7243F5B5A10F}.Release|Any CPU.ActiveCfg = Release|Any CPU
		{91E2BC46-568D-4D5C-9BDE-7243F5B5A10F}.Release|Any CPU.Build.0 = Release|Any CPU
		{7F8DB9D1-4D8B-407B-B358-729DE72EB3DE}.Debug|Any CPU.ActiveCfg = Debug|Any CPU
		{7F8DB9D1-4D8B-407B-B358-729DE72EB3DE}.Debug|Any CPU.Build.0 = Debug|Any CPU
		{7F8DB9D1-4D8B-407B-B358-729DE72EB3DE}.Release|Any CPU.ActiveCfg = Release|Any CPU
		{7F8DB9D1-4D8B-407B-B358-729DE72EB3DE}.Release|Any CPU.Build.0 = Release|Any CPU
		{11DF9496-0057-41F3-AC2D-A3DBC3862015}.Debug|Any CPU.ActiveCfg = Debug|Any CPU
		{11DF9496-0057-41F3-AC2D-A3DBC3862015}.Debug|Any CPU.Build.0 = Debug|Any CPU
		{11DF9496-0057-41F3-AC2D-A3DBC3862015}.Release|Any CPU.ActiveCfg = Release|Any CPU
		{11DF9496-0057-41F3-AC2D-A3DBC3862015}.Release|Any CPU.Build.0 = Release|Any CPU
	EndGlobalSection
	GlobalSection(SolutionProperties) = preSolution
		HideSolutionNode = FALSE
	EndGlobalSection
	GlobalSection(ExtensibilityGlobals) = postSolution
		SolutionGuid = {DC896588-3D9F-451A-B547-7253EA07CCC0}
	EndGlobalSection
EndGlobal
